
Microsoft Visual Studio Solution File, Format Version 12.00
# Visual Studio Version 16
VisualStudioVersion = 16.0.28803.452
MinimumVisualStudioVersion = 10.0.40219.1
Project("{8BC9CEB8-8B4A-11D0-8D11-00A0C91BC942}") = "NetworkingDLL", "NetworkingDLL\NetworkingDLL.vcxproj", "{30893326-5DCB-4263-AB32-2CB0A4FC70CD}"
EndProject
Global
	GlobalSection(SolutionConfigurationPlatforms) = preSolution
		Debug|x64 = Debug|x64
		Debug|x86 = Debug|x86
		Release|x64 = Release|x64
		Release|x86 = Release|x86
	EndGlobalSection
	GlobalSection(ProjectConfigurationPlatforms) = postSolution
		{30893326-5DCB-4263-AB32-2CB0A4FC70CD}.Debug|x64.ActiveCfg = Debug|x64
		{30893326-5DCB-4263-AB32-2CB0A4FC70CD}.Debug|x64.Build.0 = Debug|x64
		{30893326-5DCB-4263-AB32-2CB0A4FC70CD}.Debug|x86.ActiveCfg = Debug|Win32
		{30893326-5DCB-4263-AB32-2CB0A4FC70CD}.Debug|x86.Build.0 = Debug|Win32
		{30893326-5DCB-4263-AB32-2CB0A4FC70CD}.Release|x64.ActiveCfg = Release|x64
		{30893326-5DCB-4263-AB32-2CB0A4FC70CD}.Release|x64.Build.0 = Release|x64
		{30893326-5DCB-4263-AB32-2CB0A4FC70CD}.Release|x86.ActiveCfg = Release|Win32
		{30893326-5DCB-4263-AB32-2CB0A4FC70CD}.Release|x86.Build.0 = Release|Win32
	EndGlobalSection
	GlobalSection(SolutionProperties) = preSolution
		HideSolutionNode = FALSE
	EndGlobalSection
	GlobalSection(ExtensibilityGlobals) = postSolution
		SolutionGuid = {6F3B5B00-C97D-4775-9054-5556276CE238}
	EndGlobalSection
EndGlobal
